
Microsoft Visual Studio Solution File, Format Version 12.00
# Visual Studio Version 16
VisualStudioVersion = 16.0.30011.22
MinimumVisualStudioVersion = 10.0.40219.1
Project("{FAE04EC0-301F-11D3-BF4B-00C04F79EFBC}") = "LoginForm", "LoginForm\LoginForm.csproj", "{B5BD77FF-E720-4AF4-8EFC-A1CECB15D2BB}"
EndProject
Global
	GlobalSection(SolutionConfigurationPlatforms) = preSolution
		Debug|Any CPU = Debug|Any CPU
		Release|Any CPU = Release|Any CPU
	EndGlobalSection
	GlobalSection(ProjectConfigurationPlatforms) = postSolution
		{B5BD77FF-E720-4AF4-8EFC-A1CECB15D2BB}.Debug|Any CPU.ActiveCfg = Debug|Any CPU
		{B5BD77FF-E720-4AF4-8EFC-A1CECB15D2BB}.Debug|Any CPU.Build.0 = Debug|Any CPU
		{B5BD77FF-E720-4AF4-8EFC-A1CECB15D2BB}.Release|Any CPU.ActiveCfg = Release|Any CPU
		{B5BD77FF-E720-4AF4-8EFC-A1CECB15D2BB}.Release|Any CPU.Build.0 = Release|Any CPU
	EndGlobalSection
	GlobalSection(SolutionProperties) = preSolution
		HideSolutionNode = FALSE
	EndGlobalSection
	GlobalSection(ExtensibilityGlobals) = postSolution
		SolutionGuid = {1F95D9F3-0A89-4D37-86FB-30E6D4963B0E}
	EndGlobalSection
EndGlobal
